
Microsoft Visual Studio Solution File, Format Version 11.00
# Visual Studio 2010
Project("{8BC9CEB8-8B4A-11D0-8D11-00A0C91BC942}") = "Load flow", "Load flow\Load flow.vcxproj", "{56C0A413-30BC-4771-9275-5A6165AC7863}"
EndProject
Global
	GlobalSection(SolutionConfigurationPlatforms) = preSolution
		Debug|Win32 = Debug|Win32
		Release|Win32 = Release|Win32
	EndGlobalSection
	GlobalSection(ProjectConfigurationPlatforms) = postSolution
		{56C0A413-30BC-4771-9275-5A6165AC7863}.Debug|Win32.ActiveCfg = Debug|Win32
		{56C0A413-30BC-4771-9275-5A6165AC7863}.Debug|Win32.Build.0 = Debug|Win32
		{56C0A413-30BC-4771-9275-5A6165AC7863}.Release|Win32.ActiveCfg = Release|Win32
		{56C0A413-30BC-4771-9275-5A6165AC7863}.Release|Win32.Build.0 = Release|Win32
	EndGlobalSection
	GlobalSection(SolutionProperties) = preSolution
		HideSolutionNode = FALSE
	EndGlobalSection
EndGlobal
